
Microsoft Visual Studio Solution File, Format Version 12.00
# Visual Studio Version 17
VisualStudioVersion = 17.0.32014.148
MinimumVisualStudioVersion = 10.0.40219.1
Project("{FAE04EC0-301F-11D3-BF4B-00C04F79EFBC}") = "LogicalProgram", "LogicalProgram\LogicalProgram.csproj", "{B1EE1543-528A-486C-8820-77BEBC01D757}"
EndProject
Global
	GlobalSection(SolutionConfigurationPlatforms) = preSolution
		Debug|Any CPU = Debug|Any CPU
		Release|Any CPU = Release|Any CPU
	EndGlobalSection
	GlobalSection(ProjectConfigurationPlatforms) = postSolution
		{B1EE1543-528A-486C-8820-77BEBC01D757}.Debug|Any CPU.ActiveCfg = Debug|Any CPU
		{B1EE1543-528A-486C-8820-77BEBC01D757}.Debug|Any CPU.Build.0 = Debug|Any CPU
		{B1EE1543-528A-486C-8820-77BEBC01D757}.Release|Any CPU.ActiveCfg = Release|Any CPU
		{B1EE1543-528A-486C-8820-77BEBC01D757}.Release|Any CPU.Build.0 = Release|Any CPU
	EndGlobalSection
	GlobalSection(SolutionProperties) = preSolution
		HideSolutionNode = FALSE
	EndGlobalSection
	GlobalSection(ExtensibilityGlobals) = postSolution
		SolutionGuid = {598BB07E-D242-4867-A899-AEBC6D1450D2}
	EndGlobalSection
EndGlobal
